
Microsoft Visual Studio Solution File, Format Version 12.00
# Visual Studio Version 17
VisualStudioVersion = 17.12.35527.113
MinimumVisualStudioVersion = 10.0.40219.1
Project("{FAE04EC0-301F-11D3-BF4B-00C04F79EFBC}") = "SoundBoard", "SoundBoard.csproj", "{73DE19E3-7473-4C31-B980-4F6E58DBAE69}"
EndProject
Project("{FAE04EC0-301F-11D3-BF4B-00C04F79EFBC}") = "SoundBoard.UI", "..\SoundBoard.UI\SoundBoard.UI.csproj", "{72E701B5-88F5-4368-97EA-7C9A7D6B9387}"
EndProject
Global
	GlobalSection(SolutionConfigurationPlatforms) = preSolution
		Debug|Any CPU = Debug|Any CPU
		Release|Any CPU = Release|Any CPU
	EndGlobalSection
	GlobalSection(ProjectConfigurationPlatforms) = postSolution
		{73DE19E3-7473-4C31-B980-4F6E58DBAE69}.Debug|Any CPU.ActiveCfg = Debug|Any CPU
		{73DE19E3-7473-4C31-B980-4F6E58DBAE69}.Debug|Any CPU.Build.0 = Debug|Any CPU
		{73DE19E3-7473-4C31-B980-4F6E58DBAE69}.Release|Any CPU.ActiveCfg = Release|Any CPU
		{73DE19E3-7473-4C31-B980-4F6E58DBAE69}.Release|Any CPU.Build.0 = Release|Any CPU
		{72E701B5-88F5-4368-97EA-7C9A7D6B9387}.Debug|Any CPU.ActiveCfg = Debug|Any CPU
		{72E701B5-88F5-4368-97EA-7C9A7D6B9387}.Debug|Any CPU.Build.0 = Debug|Any CPU
		{72E701B5-88F5-4368-97EA-7C9A7D6B9387}.Release|Any CPU.ActiveCfg = Release|Any CPU
		{72E701B5-88F5-4368-97EA-7C9A7D6B9387}.Release|Any CPU.Build.0 = Release|Any CPU
	EndGlobalSection
	GlobalSection(SolutionProperties) = preSolution
		HideSolutionNode = FALSE
	EndGlobalSection
	GlobalSection(ExtensibilityGlobals) = postSolution
		SolutionGuid = {A9A2D476-E978-4386-BC90-CA24A329F77E}
	EndGlobalSection
EndGlobal
